
Microsoft Visual Studio Solution File, Format Version 12.00
# Visual Studio Version 17
VisualStudioVersion = 17.1.32421.90
MinimumVisualStudioVersion = 10.0.40219.1
Project("{00D1A9C2-B5F0-4AF3-8072-F6C62B433612}") = "recsys", "recsys.sqlproj", "{0B2C8760-574D-4EB5-A954-C58689072935}"
EndProject
Global
	GlobalSection(SolutionConfigurationPlatforms) = preSolution
		Debug|Any CPU = Debug|Any CPU
		Release|Any CPU = Release|Any CPU
	EndGlobalSection
	GlobalSection(ProjectConfigurationPlatforms) = postSolution
		{0B2C8760-574D-4EB5-A954-C58689072935}.Debug|Any CPU.ActiveCfg = Debug|Any CPU
		{0B2C8760-574D-4EB5-A954-C58689072935}.Debug|Any CPU.Build.0 = Debug|Any CPU
		{0B2C8760-574D-4EB5-A954-C58689072935}.Debug|Any CPU.Deploy.0 = Debug|Any CPU
		{0B2C8760-574D-4EB5-A954-C58689072935}.Release|Any CPU.ActiveCfg = Release|Any CPU
		{0B2C8760-574D-4EB5-A954-C58689072935}.Release|Any CPU.Build.0 = Release|Any CPU
		{0B2C8760-574D-4EB5-A954-C58689072935}.Release|Any CPU.Deploy.0 = Release|Any CPU
	EndGlobalSection
	GlobalSection(SolutionProperties) = preSolution
		HideSolutionNode = FALSE
	EndGlobalSection
	GlobalSection(ExtensibilityGlobals) = postSolution
		SolutionGuid = {45F87138-CF46-4CCB-AF84-631C87AF4948}
	EndGlobalSection
EndGlobal
